{
  "name": "vanilla-nodejs-api",
  "version": "0.0.1",
  "lockfileVersion": 2,
  "requires": true,
  "packages": {
    "": {
      "name": "vanilla-nodejs-api",
      "version": "0.0.1",
      "license": "ISC",
      "engines": {
        "node": ">=18.0.0",
        "npm": ">=8.6.0"
      }
    }
  }
}
